// !$*UTF8*$!
{
	archiveVersion = 1;
	classes = {
	};
	objectVersion = 50;
	objects = {

/* Begin PBXBuildFile section */
		06448EDE23353CF5007F610D /* AppDelegate.swift in Sources */ = {isa = PBXBuildFile; fileRef = 06448EDD23353CF5007F610D /* AppDelegate.swift */; };
		06448EE023353CF5007F610D /* ViewController.swift in Sources */ = {isa = PBXBuildFile; fileRef = 06448EDF23353CF5007F610D /* ViewController.swift */; };
		06448EE323353CF5007F610D /* Main.storyboard in Resources */ = {isa = PBXBuildFile; fileRef = 06448EE123353CF5007F610D /* Main.storyboard */; };
		06448EE523353CFA007F610D /* Assets.xcassets in Resources */ = {isa = PBXBuildFile; fileRef = 06448EE423353CFA007F610D /* Assets.xcassets */; };
		06448EE823353CFA007F610D /* LaunchScreen.storyboard in Resources */ = {isa = PBXBuildFile; fileRef = 06448EE623353CFA007F610D /* LaunchScreen.storyboard */; };
		06448EF323353CFA007F610D /* IntervalTests.swift in Sources */ = {isa = PBXBuildFile; fileRef = 06448EF223353CFA007F610D /* IntervalTests.swift */; };
		067C01A8234D5B53000A9BEF /* Coordinator.swift in Sources */ = {isa = PBXBuildFile; fileRef = 067C01A7234D5B53000A9BEF /* Coordinator.swift */; };
		067C01AA234D5C90000A9BEF /* RootCoordinator.swift in Sources */ = {isa = PBXBuildFile; fileRef = 067C01A9234D5C90000A9BEF /* RootCoordinator.swift */; };
		067C01AC234D5F74000A9BEF /* Storyboarded.swift in Sources */ = {isa = PBXBuildFile; fileRef = 067C01AB234D5F74000A9BEF /* Storyboarded.swift */; };
		067C01AE234D6535000A9BEF /* SpotifyClient.swift in Sources */ = {isa = PBXBuildFile; fileRef = 067C01AD234D6535000A9BEF /* SpotifyClient.swift */; };
		EDEECB23236DFBFA00F0096B /* SpotifyiOS.framework in Frameworks */ = {isa = PBXBuildFile; fileRef = ED854D4E2338436F008A3E3B /* SpotifyiOS.framework */; };
/* End PBXBuildFile section */

/* Begin PBXContainerItemProxy section */
		06448EEF23353CFA007F610D /* PBXContainerItemProxy */ = {
			isa = PBXContainerItemProxy;
			containerPortal = 06448ED223353CF5007F610D /* Project object */;
			proxyType = 1;
			remoteGlobalIDString = 06448ED923353CF5007F610D;
			remoteInfo = Interval;
		};
/* End PBXContainerItemProxy section */

/* Begin PBXFileReference section */
		06448EDA23353CF5007F610D /* Interval.app */ = {isa = PBXFileReference; explicitFileType = wrapper.application; includeInIndex = 0; path = Interval.app; sourceTree = BUILT_PRODUCTS_DIR; };
		06448EDD23353CF5007F610D /* AppDelegate.swift */ = {isa = PBXFileReference; lastKnownFileType = sourcecode.swift; path = AppDelegate.swift; sourceTree = "<group>"; };
		06448EDF23353CF5007F610D /* ViewController.swift */ = {isa = PBXFileReference; lastKnownFileType = sourcecode.swift; path = ViewController.swift; sourceTree = "<group>"; };
		06448EE223353CF5007F610D /* Base */ = {isa = PBXFileReference; lastKnownFileType = file.storyboard; name = Base; path = Base.lproj/Main.storyboard; sourceTree = "<group>"; };
		06448EE423353CFA007F610D /* Assets.xcassets */ = {isa = PBXFileReference; lastKnownFileType = folder.assetcatalog; path = Assets.xcassets; sourceTree = "<group>"; };
		06448EE723353CFA007F610D /* Base */ = {isa = PBXFileReference; lastKnownFileType = file.storyboard; name = Base; path = Base.lproj/LaunchScreen.storyboard; sourceTree = "<group>"; };
		06448EE923353CFA007F610D /* Info.plist */ = {isa = PBXFileReference; lastKnownFileType = text.plist.xml; path = Info.plist; sourceTree = "<group>"; };
		06448EEE23353CFA007F610D /* IntervalTests.xctest */ = {isa = PBXFileReference; explicitFileType = wrapper.cfbundle; includeInIndex = 0; path = IntervalTests.xctest; sourceTree = BUILT_PRODUCTS_DIR; };
		06448EF223353CFA007F610D /* IntervalTests.swift */ = {isa = PBXFileReference; lastKnownFileType = sourcecode.swift; path = IntervalTests.swift; sourceTree = "<group>"; };
		06448EF423353CFA007F610D /* Info.plist */ = {isa = PBXFileReference; lastKnownFileType = text.plist.xml; path = Info.plist; sourceTree = "<group>"; };
		067C01A7234D5B53000A9BEF /* Coordinator.swift */ = {isa = PBXFileReference; lastKnownFileType = sourcecode.swift; path = Coordinator.swift; sourceTree = "<group>"; };
		067C01A9234D5C90000A9BEF /* RootCoordinator.swift */ = {isa = PBXFileReference; lastKnownFileType = sourcecode.swift; path = RootCoordinator.swift; sourceTree = "<group>"; };
		067C01AB234D5F74000A9BEF /* Storyboarded.swift */ = {isa = PBXFileReference; lastKnownFileType = sourcecode.swift; path = Storyboarded.swift; sourceTree = "<group>"; };
		067C01AD234D6535000A9BEF /* SpotifyClient.swift */ = {isa = PBXFileReference; lastKnownFileType = sourcecode.swift; path = SpotifyClient.swift; sourceTree = "<group>"; };
		ED854D4A233841B0008A3E3B /* Interval-Bridging-Header.h */ = {isa = PBXFileReference; fileEncoding = 4; lastKnownFileType = sourcecode.c.h; path = "Interval-Bridging-Header.h"; sourceTree = "<group>"; };
		ED854D4E2338436F008A3E3B /* SpotifyiOS.framework */ = {isa = PBXFileReference; lastKnownFileType = wrapper.framework; path = SpotifyiOS.framework; sourceTree = "<group>"; };
/* End PBXFileReference section */

/* Begin PBXFrameworksBuildPhase section */
		06448ED723353CF5007F610D /* Frameworks */ = {
			isa = PBXFrameworksBuildPhase;
			buildActionMask = 2147483647;
			files = (
				EDEECB23236DFBFA00F0096B /* SpotifyiOS.framework in Frameworks */,
			);
			runOnlyForDeploymentPostprocessing = 0;
		};
		06448EEB23353CFA007F610D /* Frameworks */ = {
			isa = PBXFrameworksBuildPhase;
			buildActionMask = 2147483647;
			files = (
			);
			runOnlyForDeploymentPostprocessing = 0;
		};
/* End PBXFrameworksBuildPhase section */

/* Begin PBXGroup section */
		06448ED123353CF5007F610D = {
			isa = PBXGroup;
			children = (
				06448EDC23353CF5007F610D /* Interval */,
				06448EF123353CFA007F610D /* IntervalTests */,
				06448EDB23353CF5007F610D /* Products */,
				ED854D502338438D008A3E3B /* Frameworks */,
			);
			sourceTree = "<group>";
		};
		06448EDB23353CF5007F610D /* Products */ = {
			isa = PBXGroup;
			children = (
				06448EDA23353CF5007F610D /* Interval.app */,
				06448EEE23353CFA007F610D /* IntervalTests.xctest */,
			);
			name = Products;
			sourceTree = "<group>";
		};
		06448EDC23353CF5007F610D /* Interval */ = {
			isa = PBXGroup;
			children = (
				ED854D52233843AE008A3E3B /* Spotify Framework */,
				ED854D49233841B0008A3E3B /* Bridging Header */,
				06448EDD23353CF5007F610D /* AppDelegate.swift */,
				067C01AD234D6535000A9BEF /* SpotifyClient.swift */,
				06448EDF23353CF5007F610D /* ViewController.swift */,
				06448EE123353CF5007F610D /* Main.storyboard */,
				067C01AB234D5F74000A9BEF /* Storyboarded.swift */,
				06448EE423353CFA007F610D /* Assets.xcassets */,
				06448EE623353CFA007F610D /* LaunchScreen.storyboard */,
				06448EE923353CFA007F610D /* Info.plist */,
				067C01A7234D5B53000A9BEF /* Coordinator.swift */,
				067C01A9234D5C90000A9BEF /* RootCoordinator.swift */,
			);
			path = Interval;
			sourceTree = "<group>";
		};
		06448EF123353CFA007F610D /* IntervalTests */ = {
			isa = PBXGroup;
			children = (
				06448EF223353CFA007F610D /* IntervalTests.swift */,
				06448EF423353CFA007F610D /* Info.plist */,
			);
			path = IntervalTests;
			sourceTree = "<group>";
		};
		ED854D49233841B0008A3E3B /* Bridging Header */ = {
			isa = PBXGroup;
			children = (
				ED854D4A233841B0008A3E3B /* Interval-Bridging-Header.h */,
			);
			name = "Bridging Header";
			path = "Interval/Bridging Header";
			sourceTree = SOURCE_ROOT;
		};
		ED854D502338438D008A3E3B /* Frameworks */ = {
			isa = PBXGroup;
			children = (
			);
			name = Frameworks;
			sourceTree = "<group>";
		};
		ED854D52233843AE008A3E3B /* Spotify Framework */ = {
			isa = PBXGroup;
			children = (
				ED854D4E2338436F008A3E3B /* SpotifyiOS.framework */,
			);
			path = "Spotify Framework";
			sourceTree = "<group>";
		};
/* End PBXGroup section */

/* Begin PBXNativeTarget section */
		06448ED923353CF5007F610D /* Interval */ = {
			isa = PBXNativeTarget;
			buildConfigurationList = 06448EF723353CFA007F610D /* Build configuration list for PBXNativeTarget "Interval" */;
			buildPhases = (
				06448ED623353CF5007F610D /* Sources */,
				06448ED723353CF5007F610D /* Frameworks */,
				06448ED823353CF5007F610D /* Resources */,
			);
			buildRules = (
			);
			dependencies = (
			);
			name = Interval;
			productName = Interval;
			productReference = 06448EDA23353CF5007F610D /* Interval.app */;
			productType = "com.apple.product-type.application";
		};
		06448EED23353CFA007F610D /* IntervalTests */ = {
			isa = PBXNativeTarget;
			buildConfigurationList = 06448EFA23353CFA007F610D /* Build configuration list for PBXNativeTarget "IntervalTests" */;
			buildPhases = (
				06448EEA23353CFA007F610D /* Sources */,
				06448EEB23353CFA007F610D /* Frameworks */,
				06448EEC23353CFA007F610D /* Resources */,
			);
			buildRules = (
			);
			dependencies = (
				06448EF023353CFA007F610D /* PBXTargetDependency */,
			);
			name = IntervalTests;
			productName = IntervalTests;
			productReference = 06448EEE23353CFA007F610D /* IntervalTests.xctest */;
			productType = "com.apple.product-type.bundle.unit-test";
		};
/* End PBXNativeTarget section */

/* Begin PBXProject section */
		06448ED223353CF5007F610D /* Project object */ = {
			isa = PBXProject;
			attributes = {
				LastSwiftUpdateCheck = 1020;
				LastUpgradeCheck = 1020;
				ORGANIZATIONNAME = "Yisselda Rhoc";
				TargetAttributes = {
					06448ED923353CF5007F610D = {
						CreatedOnToolsVersion = 10.2.1;
					};
					06448EED23353CFA007F610D = {
						CreatedOnToolsVersion = 10.2.1;
						TestTargetID = 06448ED923353CF5007F610D;
					};
				};
			};
			buildConfigurationList = 06448ED523353CF5007F610D /* Build configuration list for PBXProject "Interval" */;
			compatibilityVersion = "Xcode 9.3";
			developmentRegion = en;
			hasScannedForEncodings = 0;
			knownRegions = (
				en,
				Base,
			);
			mainGroup = 06448ED123353CF5007F610D;
			productRefGroup = 06448EDB23353CF5007F610D /* Products */;
			projectDirPath = "";
			projectRoot = "";
			targets = (
				06448ED923353CF5007F610D /* Interval */,
				06448EED23353CFA007F610D /* IntervalTests */,
			);
		};
/* End PBXProject section */

/* Begin PBXResourcesBuildPhase section */
		06448ED823353CF5007F610D /* Resources */ = {
			isa = PBXResourcesBuildPhase;
			buildActionMask = 2147483647;
			files = (
				06448EE823353CFA007F610D /* LaunchScreen.storyboard in Resources */,
				06448EE523353CFA007F610D /* Assets.xcassets in Resources */,
				06448EE323353CF5007F610D /* Main.storyboard in Resources */,
			);
			runOnlyForDeploymentPostprocessing = 0;
		};
		06448EEC23353CFA007F610D /* Resources */ = {
			isa = PBXResourcesBuildPhase;
			buildActionMask = 2147483647;
			files = (
			);
			runOnlyForDeploymentPostprocessing = 0;
		};
/* End PBXResourcesBuildPhase section */

/* Begin PBXSourcesBuildPhase section */
		06448ED623353CF5007F610D /* Sources */ = {
			isa = PBXSourcesBuildPhase;
			buildActionMask = 2147483647;
			files = (
				067C01AA234D5C90000A9BEF /* RootCoordinator.swift in Sources */,
				06448EE023353CF5007F610D /* ViewController.swift in Sources */,
				067C01AC234D5F74000A9BEF /* Storyboarded.swift in Sources */,
				06448EDE23353CF5007F610D /* AppDelegate.swift in Sources */,
				067C01A8234D5B53000A9BEF /* Coordinator.swift in Sources */,
				067C01AE234D6535000A9BEF /* SpotifyClient.swift in Sources */,
			);
			runOnlyForDeploymentPostprocessing = 0;
		};
		06448EEA23353CFA007F610D /* Sources */ = {
			isa = PBXSourcesBuildPhase;
			buildActionMask = 2147483647;
			files = (
				06448EF323353CFA007F610D /* IntervalTests.swift in Sources */,
			);
			runOnlyForDeploymentPostprocessing = 0;
		};
/* End PBXSourcesBuildPhase section */

/* Begin PBXTargetDependency section */
		06448EF023353CFA007F610D /* PBXTargetDependency */ = {
			isa = PBXTargetDependency;
			target = 06448ED923353CF5007F610D /* Interval */;
			targetProxy = 06448EEF23353CFA007F610D /* PBXContainerItemProxy */;
		};
/* End PBXTargetDependency section */

/* Begin PBXVariantGroup section */
		06448EE123353CF5007F610D /* Main.storyboard */ = {
			isa = PBXVariantGroup;
			children = (
				06448EE223353CF5007F610D /* Base */,
			);
			name = Main.storyboard;
			sourceTree = "<group>";
		};
		06448EE623353CFA007F610D /* LaunchScreen.storyboard */ = {
			isa = PBXVariantGroup;
			children = (
				06448EE723353CFA007F610D /* Base */,
			);
			name = LaunchScreen.storyboard;
			sourceTree = "<group>";
		};
/* End PBXVariantGroup section */

/* Begin XCBuildConfiguration section */
		06448EF523353CFA007F610D /* Debug */ = {
			isa = XCBuildConfiguration;
			buildSettings = {
				ALWAYS_SEARCH_USER_PATHS = NO;
				CLANG_ANALYZER_NONNULL = YES;
				CLANG_ANALYZER_NUMBER_OBJECT_CONVERSION = YES_AGGRESSIVE;
				CLANG_CXX_LANGUAGE_STANDARD = "gnu++14";
				CLANG_CXX_LIBRARY = "libc++";
				CLANG_ENABLE_MODULES = YES;
				CLANG_ENABLE_OBJC_ARC = YES;
				CLANG_ENABLE_OBJC_WEAK = YES;
				CLANG_WARN_BLOCK_CAPTURE_AUTORELEASING = YES;
				CLANG_WARN_BOOL_CONVERSION = YES;
				CLANG_WARN_COMMA = YES;
				CLANG_WARN_CONSTANT_CONVERSION = YES;
				CLANG_WARN_DEPRECATED_OBJC_IMPLEMENTATIONS = YES;
				CLANG_WARN_DIRECT_OBJC_ISA_USAGE = YES_ERROR;
				CLANG_WARN_DOCUMENTATION_COMMENTS = YES;
				CLANG_WARN_EMPTY_BODY = YES;
				CLANG_WARN_ENUM_CONVERSION = YES;
				CLANG_WARN_INFINITE_RECURSION = YES;
				CLANG_WARN_INT_CONVERSION = YES;
				CLANG_WARN_NON_LITERAL_NULL_CONVERSION = YES;
				CLANG_WARN_OBJC_IMPLICIT_RETAIN_SELF = YES;
				CLANG_WARN_OBJC_LITERAL_CONVERSION = YES;
				CLANG_WARN_OBJC_ROOT_CLASS = YES_ERROR;
				CLANG_WARN_RANGE_LOOP_ANALYSIS = YES;
				CLANG_WARN_STRICT_PROTOTYPES = YES;
				CLANG_WARN_SUSPICIOUS_MOVE = YES;
				CLANG_WARN_UNGUARDED_AVAILABILITY = YES_AGGRESSIVE;
				CLANG_WARN_UNREACHABLE_CODE = YES;
				CLANG_WARN__DUPLICATE_METHOD_MATCH = YES;
				CODE_SIGN_IDENTITY = "iPhone Developer";
				COPY_PHASE_STRIP = NO;
				DEBUG_INFORMATION_FORMAT = dwarf;
				ENABLE_STRICT_OBJC_MSGSEND = YES;
				ENABLE_TESTABILITY = YES;
				GCC_C_LANGUAGE_STANDARD = gnu11;
				GCC_DYNAMIC_NO_PIC = NO;
				GCC_NO_COMMON_BLOCKS = YES;
				GCC_OPTIMIZATION_LEVEL = 0;
				GCC_PREPROCESSOR_DEFINITIONS = (
					"DEBUG=1",
					"$(inherited)",
				);
				GCC_WARN_64_TO_32_BIT_CONVERSION = YES;
				GCC_WARN_ABOUT_RETURN_TYPE = YES_ERROR;
				GCC_WARN_UNDECLARED_SELECTOR = YES;
				GCC_WARN_UNINITIALIZED_AUTOS = YES_AGGRESSIVE;
				GCC_WARN_UNUSED_FUNCTION = YES;
				GCC_WARN_UNUSED_VARIABLE = YES;
				IPHONEOS_DEPLOYMENT_TARGET = 12.2;
				MTL_ENABLE_DEBUG_INFO = INCLUDE_SOURCE;
				MTL_FAST_MATH = YES;
				ONLY_ACTIVE_ARCH = YES;
				SDKROOT = iphoneos;
				SWIFT_ACTIVE_COMPILATION_CONDITIONS = DEBUG;
				SWIFT_OPTIMIZATION_LEVEL = "-Onone";
			};
			name = Debug;
		};
		06448EF623353CFA007F610D /* Release */ = {
			isa = XCBuildConfiguration;
			buildSettings = {
				ALWAYS_SEARCH_USER_PATHS = NO;
				CLANG_ANALYZER_NONNULL = YES;
				CLANG_ANALYZER_NUMBER_OBJECT_CONVERSION = YES_AGGRESSIVE;
				CLANG_CXX_LANGUAGE_STANDARD = "gnu++14";
				CLANG_CXX_LIBRARY = "libc++";
				CLANG_ENABLE_MODULES = YES;
				CLANG_ENABLE_OBJC_ARC = YES;
				CLANG_ENABLE_OBJC_WEAK = YES;
				CLANG_WARN_BLOCK_CAPTURE_AUTORELEASING = YES;
				CLANG_WARN_BOOL_CONVERSION = YES;
				CLANG_WARN_COMMA = YES;
				CLANG_WARN_CONSTANT_CONVERSION = YES;
				CLANG_WARN_DEPRECATED_OBJC_IMPLEMENTATIONS = YES;
				CLANG_WARN_DIRECT_OBJC_ISA_USAGE = YES_ERROR;
				CLANG_WARN_DOCUMENTATION_COMMENTS = YES;
				CLANG_WARN_EMPTY_BODY = YES;
				CLANG_WARN_ENUM_CONVERSION = YES;
				CLANG_WARN_INFINITE_RECURSION = YES;
				CLANG_WARN_INT_CONVERSION = YES;
				CLANG_WARN_NON_LITERAL_NULL_CONVERSION = YES;
				CLANG_WARN_OBJC_IMPLICIT_RETAIN_SELF = YES;
				CLANG_WARN_OBJC_LITERAL_CONVERSION = YES;
				CLANG_WARN_OBJC_ROOT_CLASS = YES_ERROR;
				CLANG_WARN_RANGE_LOOP_ANALYSIS = YES;
				CLANG_WARN_STRICT_PROTOTYPES = YES;
				CLANG_WARN_SUSPICIOUS_MOVE = YES;
				CLANG_WARN_UNGUARDED_AVAILABILITY = YES_AGGRESSIVE;
				CLANG_WARN_UNREACHABLE_CODE = YES;
				CLANG_WARN__DUPLICATE_METHOD_MATCH = YES;
				CODE_SIGN_IDENTITY = "iPhone Developer";
				COPY_PHASE_STRIP = NO;
				DEBUG_INFORMATION_FORMAT = "dwarf-with-dsym";
				ENABLE_NS_ASSERTIONS = NO;
				ENABLE_STRICT_OBJC_MSGSEND = YES;
				GCC_C_LANGUAGE_STANDARD = gnu11;
				GCC_NO_COMMON_BLOCKS = YES;
				GCC_WARN_64_TO_32_BIT_CONVERSION = YES;
				GCC_WARN_ABOUT_RETURN_TYPE = YES_ERROR;
				GCC_WARN_UNDECLARED_SELECTOR = YES;
				GCC_WARN_UNINITIALIZED_AUTOS = YES_AGGRESSIVE;
				GCC_WARN_UNUSED_FUNCTION = YES;
				GCC_WARN_UNUSED_VARIABLE = YES;
				IPHONEOS_DEPLOYMENT_TARGET = 12.2;
				MTL_ENABLE_DEBUG_INFO = NO;
				MTL_FAST_MATH = YES;
				SDKROOT = iphoneos;
				SWIFT_COMPILATION_MODE = wholemodule;
				SWIFT_OPTIMIZATION_LEVEL = "-O";
				VALIDATE_PRODUCT = YES;
			};
			name = Release;
		};
		06448EF823353CFA007F610D /* Debug */ = {
			isa = XCBuildConfiguration;
			buildSettings = {
				ASSETCATALOG_COMPILER_APPICON_NAME = AppIcon;
				CODE_SIGN_STYLE = Automatic;
				DEVELOPMENT_TEAM = 4UB6MPKKN3;
				FRAMEWORK_SEARCH_PATHS = (
					"$(inherited)",
					"$(PROJECT_DIR)",
					"$(PROJECT_DIR)/Interval/Spotify\\ Framework",
					"$(PROJECT_DIR)/Interval/Spotify\\ Framework",
					"$(PROJECT_DIR)/Interval/Spotify\\ Framework",
					"$(PROJECT_DIR)/Interval/Spotify\\ Framework",
				);
				INFOPLIST_FILE = Interval/Info.plist;
				IPHONEOS_DEPLOYMENT_TARGET = 11.0;
				LD_RUNPATH_SEARCH_PATHS = (
					"$(inherited)",
					"@executable_path/Frameworks",
				);
				OTHER_LDFLAGS = "-ObjC";
				PRODUCT_BUNDLE_IDENTIFIER = com.yr.Interval;
				PRODUCT_NAME = "$(TARGET_NAME)";
				SWIFT_OBJC_BRIDGING_HEADER = "Interval/Bridging Header/Interval-Bridging-Header.h";
				SWIFT_VERSION = 5.0;
				TARGETED_DEVICE_FAMILY = 1;
			};
			name = Debug;
		};
		06448EF923353CFA007F610D /* Release */ = {
			isa = XCBuildConfiguration;
			buildSettings = {
				ASSETCATALOG_COMPILER_APPICON_NAME = AppIcon;
				CODE_SIGN_STYLE = Automatic;
				DEVELOPMENT_TEAM = 4UB6MPKKN3;
				FRAMEWORK_SEARCH_PATHS = (
					"$(inherited)",
					"$(PROJECT_DIR)",
					"$(PROJECT_DIR)/Interval/Spotify\\ Framework",
					"$(PROJECT_DIR)/Interval/Spotify\\ Framework",
					"$(PROJECT_DIR)/Interval/Spotify\\ Framework",
					"$(PROJECT_DIR)/Interval/Spotify\\ Framework",
				);
				INFOPLIST_FILE = Interval/Info.plist;
				IPHONEOS_DEPLOYMENT_TARGET = 11.0;
				LD_RUNPATH_SEARCH_PATHS = (
					"$(inherited)",
					"@executable_path/Frameworks",
				);
				OTHER_LDFLAGS = "-ObjC";
				PRODUCT_BUNDLE_IDENTIFIER = com.yr.Interval;
				PRODUCT_NAME = "$(TARGET_NAME)";
				SWIFT_OBJC_BRIDGING_HEADER = "Interval/Bridging Header/Interval-Bridging-Header.h";
				SWIFT_VERSION = 5.0;
				TARGETED_DEVICE_FAMILY = 1;
			};
			name = Release;
		};
		06448EFB23353CFA007F610D /* Debug */ = {
			isa = XCBuildConfiguration;
			buildSettings = {
				ALWAYS_EMBED_SWIFT_STANDARD_LIBRARIES = YES;
				BUNDLE_LOADER = "$(TEST_HOST)";
				CODE_SIGN_STYLE = Automatic;
				DEVELOPMENT_TEAM = 4UB6MPKKN3;
				INFOPLIST_FILE = IntervalTests/Info.plist;
				LD_RUNPATH_SEARCH_PATHS = (
					"$(inherited)",
					"@executable_path/Frameworks",
					"@loader_path/Frameworks",
				);
				PRODUCT_BUNDLE_IDENTIFIER = com.yr.IntervalTests;
				PRODUCT_NAME = "$(TARGET_NAME)";
				SWIFT_VERSION = 5.0;
				TARGETED_DEVICE_FAMILY = "1,2";
				TEST_HOST = "$(BUILT_PRODUCTS_DIR)/Interval.app/Interval";
			};
			name = Debug;
		};
		06448EFC23353CFA007F610D /* Release */ = {
			isa = XCBuildConfiguration;
			buildSettings = {
				ALWAYS_EMBED_SWIFT_STANDARD_LIBRARIES = YES;
				BUNDLE_LOADER = "$(TEST_HOST)";
				CODE_SIGN_STYLE = Automatic;
				DEVELOPMENT_TEAM = 4UB6MPKKN3;
				INFOPLIST_FILE = IntervalTests/Info.plist;
				LD_RUNPATH_SEARCH_PATHS = (
					"$(inherited)",
					"@executable_path/Frameworks",
					"@loader_path/Frameworks",
				);
				PRODUCT_BUNDLE_IDENTIFIER = com.yr.IntervalTests;
				PRODUCT_NAME = "$(TARGET_NAME)";
				SWIFT_VERSION = 5.0;
				TARGETED_DEVICE_FAMILY = "1,2";
				TEST_HOST = "$(BUILT_PRODUCTS_DIR)/Interval.app/Interval";
			};
			name = Release;
		};
/* End XCBuildConfiguration section */

/* Begin XCConfigurationList section */
		06448ED523353CF5007F610D /* Build configuration list for PBXProject "Interval" */ = {
			isa = XCConfigurationList;
			buildConfigurations = (
				06448EF523353CFA007F610D /* Debug */,
				06448EF623353CFA007F610D /* Release */,
			);
			defaultConfigurationIsVisible = 0;
			defaultConfigurationName = Release;
		};
		06448EF723353CFA007F610D /* Build configuration list for PBXNativeTarget "Interval" */ = {
			isa = XCConfigurationList;
			buildConfigurations = (
				06448EF823353CFA007F610D /* Debug */,
				06448EF923353CFA007F610D /* Release */,
			);
			defaultConfigurationIsVisible = 0;
			defaultConfigurationName = Release;
		};
		06448EFA23353CFA007F610D /* Build configuration list for PBXNativeTarget "IntervalTests" */ = {
			isa = XCConfigurationList;
			buildConfigurations = (
				06448EFB23353CFA007F610D /* Debug */,
				06448EFC23353CFA007F610D /* Release */,
			);
			defaultConfigurationIsVisible = 0;
			defaultConfigurationName = Release;
		};
/* End XCConfigurationList section */
	};
	rootObject = 06448ED223353CF5007F610D /* Project object */;
}
